
Microsoft Visual Studio Solution File, Format Version 12.00
# Visual Studio Version 17
VisualStudioVersion = 17.12.35527.113
MinimumVisualStudioVersion = 10.0.40219.1
Project("{FAE04EC0-301F-11D3-BF4B-00C04F79EFBC}") = "HealthApp", "HealthApp\HealthApp.csproj", "{F6A9F489-C171-4FE3-9B63-C8C9753FB2D1}"
EndProject
Project("{2150E333-8FDC-42A3-9474-1A3956D46DE8}") = "Modules", "Modules", "{0A1834E0-5801-4F61-9AEA-73740DF14CDD}"
EndProject
Project("{FAE04EC0-301F-11D3-BF4B-00C04F79EFBC}") = "HealthApp.FirestoreDatabase", "HealthApp.FirestoreDatabase\HealthApp.FirestoreDatabase.csproj", "{A5934B83-47B0-470D-B5D6-A09F6381BFD5}"
EndProject
Project("{2150E333-8FDC-42A3-9474-1A3956D46DE8}") = "Tests", "Tests", "{D73E31C6-AA90-4B67-B272-119F3B84FA5E}"
EndProject
Project("{FAE04EC0-301F-11D3-BF4B-00C04F79EFBC}") = "HealthApp.FirestoreDatabase.UnitTests", "HealthApp.FirestoreDatabase.UnitTests\HealthApp.FirestoreDatabase.UnitTests.csproj", "{FE48E389-3736-42AE-AB7B-D90D16E82665}"
EndProject
Global
	GlobalSection(SolutionConfigurationPlatforms) = preSolution
		Debug|Any CPU = Debug|Any CPU
		Release|Any CPU = Release|Any CPU
	EndGlobalSection
	GlobalSection(ProjectConfigurationPlatforms) = postSolution
		{F6A9F489-C171-4FE3-9B63-C8C9753FB2D1}.Debug|Any CPU.ActiveCfg = Debug|Any CPU
		{F6A9F489-C171-4FE3-9B63-C8C9753FB2D1}.Debug|Any CPU.Build.0 = Debug|Any CPU
		{F6A9F489-C171-4FE3-9B63-C8C9753FB2D1}.Debug|Any CPU.Deploy.0 = Debug|Any CPU
		{F6A9F489-C171-4FE3-9B63-C8C9753FB2D1}.Release|Any CPU.ActiveCfg = Release|Any CPU
		{F6A9F489-C171-4FE3-9B63-C8C9753FB2D1}.Release|Any CPU.Build.0 = Release|Any CPU
		{A5934B83-47B0-470D-B5D6-A09F6381BFD5}.Debug|Any CPU.ActiveCfg = Debug|Any CPU
		{A5934B83-47B0-470D-B5D6-A09F6381BFD5}.Debug|Any CPU.Build.0 = Debug|Any CPU
		{A5934B83-47B0-470D-B5D6-A09F6381BFD5}.Release|Any CPU.ActiveCfg = Release|Any CPU
		{A5934B83-47B0-470D-B5D6-A09F6381BFD5}.Release|Any CPU.Build.0 = Release|Any CPU
		{FE48E389-3736-42AE-AB7B-D90D16E82665}.Debug|Any CPU.ActiveCfg = Debug|Any CPU
		{FE48E389-3736-42AE-AB7B-D90D16E82665}.Debug|Any CPU.Build.0 = Debug|Any CPU
		{FE48E389-3736-42AE-AB7B-D90D16E82665}.Release|Any CPU.ActiveCfg = Release|Any CPU
		{FE48E389-3736-42AE-AB7B-D90D16E82665}.Release|Any CPU.Build.0 = Release|Any CPU
	EndGlobalSection
	GlobalSection(SolutionProperties) = preSolution
		HideSolutionNode = FALSE
	EndGlobalSection
	GlobalSection(NestedProjects) = preSolution
		{A5934B83-47B0-470D-B5D6-A09F6381BFD5} = {0A1834E0-5801-4F61-9AEA-73740DF14CDD}
		{D73E31C6-AA90-4B67-B272-119F3B84FA5E} = {0A1834E0-5801-4F61-9AEA-73740DF14CDD}
		{FE48E389-3736-42AE-AB7B-D90D16E82665} = {D73E31C6-AA90-4B67-B272-119F3B84FA5E}
	EndGlobalSection
EndGlobal
